
Microsoft Visual Studio Solution File, Format Version 12.00
# Visual Studio Version 17
VisualStudioVersion = 17.11.35312.102
MinimumVisualStudioVersion = 10.0.40219.1
Project("{9A19103F-16F7-4668-BE54-9A1E7A4F7556}") = "ApiForFirstAngular", "ApiForFirstAngular.csproj", "{5E6A4501-0648-43BE-A2B5-E6177066EFAF}"
EndProject
Project("{9A19103F-16F7-4668-BE54-9A1E7A4F7556}") = "Core", "..\Core\Core.csproj", "{53BB9064-1636-46C3-BADA-77F21017D710}"
EndProject
Project("{9A19103F-16F7-4668-BE54-9A1E7A4F7556}") = "DataAccess", "..\DataAccess\DataAccess.csproj", "{B27457B4-5279-40C3-9542-387F03BBF0D0}"
EndProject
Project("{FAE04EC0-301F-11D3-BF4B-00C04F79EFBC}") = "Infrastructure", "..\Infrastructure\Infrastructure.csproj", "{BEBDBE4D-F9CC-474F-876E-0D8B00B3FDD5}"
EndProject
Global
	GlobalSection(SolutionConfigurationPlatforms) = preSolution
		Debug|Any CPU = Debug|Any CPU
		Release|Any CPU = Release|Any CPU
	EndGlobalSection
	GlobalSection(ProjectConfigurationPlatforms) = postSolution
		{5E6A4501-0648-43BE-A2B5-E6177066EFAF}.Debug|Any CPU.ActiveCfg = Debug|Any CPU
		{5E6A4501-0648-43BE-A2B5-E6177066EFAF}.Debug|Any CPU.Build.0 = Debug|Any CPU
		{5E6A4501-0648-43BE-A2B5-E6177066EFAF}.Release|Any CPU.ActiveCfg = Release|Any CPU
		{5E6A4501-0648-43BE-A2B5-E6177066EFAF}.Release|Any CPU.Build.0 = Release|Any CPU
		{53BB9064-1636-46C3-BADA-77F21017D710}.Debug|Any CPU.ActiveCfg = Debug|Any CPU
		{53BB9064-1636-46C3-BADA-77F21017D710}.Debug|Any CPU.Build.0 = Debug|Any CPU
		{53BB9064-1636-46C3-BADA-77F21017D710}.Release|Any CPU.ActiveCfg = Release|Any CPU
		{53BB9064-1636-46C3-BADA-77F21017D710}.Release|Any CPU.Build.0 = Release|Any CPU
		{B27457B4-5279-40C3-9542-387F03BBF0D0}.Debug|Any CPU.ActiveCfg = Debug|Any CPU
		{B27457B4-5279-40C3-9542-387F03BBF0D0}.Debug|Any CPU.Build.0 = Debug|Any CPU
		{B27457B4-5279-40C3-9542-387F03BBF0D0}.Release|Any CPU.ActiveCfg = Release|Any CPU
		{B27457B4-5279-40C3-9542-387F03BBF0D0}.Release|Any CPU.Build.0 = Release|Any CPU
		{BEBDBE4D-F9CC-474F-876E-0D8B00B3FDD5}.Debug|Any CPU.ActiveCfg = Debug|Any CPU
		{BEBDBE4D-F9CC-474F-876E-0D8B00B3FDD5}.Debug|Any CPU.Build.0 = Debug|Any CPU
		{BEBDBE4D-F9CC-474F-876E-0D8B00B3FDD5}.Release|Any CPU.ActiveCfg = Release|Any CPU
		{BEBDBE4D-F9CC-474F-876E-0D8B00B3FDD5}.Release|Any CPU.Build.0 = Release|Any CPU
	EndGlobalSection
	GlobalSection(SolutionProperties) = preSolution
		HideSolutionNode = FALSE
	EndGlobalSection
	GlobalSection(ExtensibilityGlobals) = postSolution
		SolutionGuid = {DCFAC76F-9E06-48F0-9CE4-CD8D0329690F}
	EndGlobalSection
EndGlobal
